
Microsoft Visual Studio Solution File, Format Version 12.00
# Visual Studio Version 17
VisualStudioVersion = 17.5.33424.131
MinimumVisualStudioVersion = 10.0.40219.1
Project("{FAE04EC0-301F-11D3-BF4B-00C04F79EFBC}") = "projHP", "projHP\projHP.csproj", "{839D9E97-8BC9-4402-98BA-B1A2A6600011}"
EndProject
Global
	GlobalSection(SolutionConfigurationPlatforms) = preSolution
		Debug|Any CPU = Debug|Any CPU
		Release|Any CPU = Release|Any CPU
	EndGlobalSection
	GlobalSection(ProjectConfigurationPlatforms) = postSolution
		{839D9E97-8BC9-4402-98BA-B1A2A6600011}.Debug|Any CPU.ActiveCfg = Debug|Any CPU
		{839D9E97-8BC9-4402-98BA-B1A2A6600011}.Debug|Any CPU.Build.0 = Debug|Any CPU
		{839D9E97-8BC9-4402-98BA-B1A2A6600011}.Release|Any CPU.ActiveCfg = Release|Any CPU
		{839D9E97-8BC9-4402-98BA-B1A2A6600011}.Release|Any CPU.Build.0 = Release|Any CPU
	EndGlobalSection
	GlobalSection(SolutionProperties) = preSolution
		HideSolutionNode = FALSE
	EndGlobalSection
	GlobalSection(ExtensibilityGlobals) = postSolution
		SolutionGuid = {F8D24002-3E67-4FC4-8ED0-3846219FFF22}
	EndGlobalSection
EndGlobal
